{
  "nodes": {
    "devenv": {
      "locked": {
        "dir": "src/modules",
        "lastModified": 1785772008,
        "narHash": "sha256-xVVP8WR9/yQ0AvvVQMeMQbHrHXJTKBq7dqcPyphXDek=",
        "owner": "cachix",
        "repo": "devenv",
        "rev": "9d93b838def889d5bcff302cac49c9322d34d33c",
        "type": "github"
      },
      "original": {
        "dir": "src/modules",
        "owner": "cachix",
        "repo": "devenv",
        "type": "github"
      }
    },
    "nixpkgs": {
      "locked": {
        "lastModified": 1780145889,
        "narHash": "sha256-md0zn0RnwNvPyASas1yG5YUuwQ4ALA6ucL50l0DvqCo=",
        "owner": "nixos",
        "repo": "nixpkgs",
        "rev": "76b7bc98257455119a4ccb59746fd41c5e4d128d",
        "type": "github"
      },
      "original": {
        "owner": "nixos",
        "ref": "26.05",
        "repo": "nixpkgs",
        "type": "github"
      }
    },
    "root": {
      "inputs": {
        "devenv": "devenv",
        "nixpkgs": "nixpkgs"
      }
    }
  },
  "root": "root",
  "version": 7
}